github.com/oschwald/maxminddb-golang/v2 v2.7.0 h1:ZcAr3GYc2LYC8aec2mCMX9+QOF0EolH3jDFKRV/Z1+U=
github.com/oschwald/maxminddb-golang/v2 v2.7.0/go.mod h1:DuKJLbbug6TXC0yJXgs1MWifvXHmudRWzMobMIUu04g=
golang.org/x/sys v0.48.0 h1:bbX/i/6MgT9BVLM9RT1thmxL04yeTAhbEz4SyadbXoo=
golang.org/x/sys v0.48.0/go.mod h1:hNLxWAXmnKAxqDtdwIYC4bM9oQPEecfsnNMuSxOs3og=
